// !$*UTF8*$!
{
	archiveVersion = 1;
	classes = {
	};
	objectVersion = 50;
	objects = {

/* Begin PBXBuildFile section */
		7116C58124173529003738F9 /* AddAlarmController.swift in Sources */ = {isa = PBXBuildFile; fileRef = 7116C58024173529003738F9 /* AddAlarmController.swift */; };
		712515F7241780D6003C5365 /* TimePickerManager.swift in Sources */ = {isa = PBXBuildFile; fileRef = 712515F6241780D6003C5365 /* TimePickerManager.swift */; };
		712515FA24178882003C5365 /* AddAlarm.storyboard in Resources */ = {isa = PBXBuildFile; fileRef = 712515F924178882003C5365 /* AddAlarm.storyboard */; };
		712515FE24187F0A003C5365 /* TableViewInsideContainerViewTableViewController.swift in Sources */ = {isa = PBXBuildFile; fileRef = 712515FD24187F0A003C5365 /* TableViewInsideContainerViewTableViewController.swift */; };
		714B87EE2415E18D0035EDAA /* AppDelegate.swift in Sources */ = {isa = PBXBuildFile; fileRef = 714B87ED2415E18D0035EDAA /* AppDelegate.swift */; };
		714B87F02415E18D0035EDAA /* SceneDelegate.swift in Sources */ = {isa = PBXBuildFile; fileRef = 714B87EF2415E18D0035EDAA /* SceneDelegate.swift */; };
		714B87F22415E18D0035EDAA /* AlarmController.swift in Sources */ = {isa = PBXBuildFile; fileRef = 714B87F12415E18D0035EDAA /* AlarmController.swift */; };
		714B87F52415E18D0035EDAA /* Main.storyboard in Resources */ = {isa = PBXBuildFile; fileRef = 714B87F32415E18D0035EDAA /* Main.storyboard */; };
		714B87F72415E18F0035EDAA /* Assets.xcassets in Resources */ = {isa = PBXBuildFile; fileRef = 714B87F62415E18F0035EDAA /* Assets.xcassets */; };
		714B87FA2415E18F0035EDAA /* LaunchScreen.storyboard in Resources */ = {isa = PBXBuildFile; fileRef = 714B87F82415E18F0035EDAA /* LaunchScreen.storyboard */; };
		714B88072415E71D0035EDAA /* World Clock.storyboard in Resources */ = {isa = PBXBuildFile; fileRef = 714B88062415E71D0035EDAA /* World Clock.storyboard */; };
		714B88092415E72D0035EDAA /* Alarm.storyboard in Resources */ = {isa = PBXBuildFile; fileRef = 714B88082415E72D0035EDAA /* Alarm.storyboard */; };
		714B880B2415E73C0035EDAA /* Stopwatch.storyboard in Resources */ = {isa = PBXBuildFile; fileRef = 714B880A2415E73C0035EDAA /* Stopwatch.storyboard */; };
		714B880D2415E7450035EDAA /* Timer.storyboard in Resources */ = {isa = PBXBuildFile; fileRef = 714B880C2415E7450035EDAA /* Timer.storyboard */; };
		719D75AC2415EAE10054C99E /* Bedtime.storyboard in Resources */ = {isa = PBXBuildFile; fileRef = 719D75AB2415EAE10054C99E /* Bedtime.storyboard */; };
		719D75B0241609A20054C99E /* TableViewCell.swift in Sources */ = {isa = PBXBuildFile; fileRef = 719D75AE241609A20054C99E /* TableViewCell.swift */; };
		719D75B1241609A20054C99E /* TableViewCell.xib in Resources */ = {isa = PBXBuildFile; fileRef = 719D75AF241609A20054C99E /* TableViewCell.xib */; };
/* End PBXBuildFile section */

/* Begin PBXFileReference section */
		7116C58024173529003738F9 /* AddAlarmController.swift */ = {isa = PBXFileReference; lastKnownFileType = sourcecode.swift; path = AddAlarmController.swift; sourceTree = "<group>"; };
		712515F6241780D6003C5365 /* TimePickerManager.swift */ = {isa = PBXFileReference; lastKnownFileType = sourcecode.swift; path = TimePickerManager.swift; sourceTree = "<group>"; };
		712515F924178882003C5365 /* AddAlarm.storyboard */ = {isa = PBXFileReference; lastKnownFileType = file.storyboard; path = AddAlarm.storyboard; sourceTree = "<group>"; };
		712515FD24187F0A003C5365 /* TableViewInsideContainerViewTableViewController.swift */ = {isa = PBXFileReference; lastKnownFileType = sourcecode.swift; path = TableViewInsideContainerViewTableViewController.swift; sourceTree = "<group>"; };
		714B87EA2415E18D0035EDAA /* Alarm Demo.app */ = {isa = PBXFileReference; explicitFileType = wrapper.application; includeInIndex = 0; path = "Alarm Demo.app"; sourceTree = BUILT_PRODUCTS_DIR; };
		714B87ED2415E18D0035EDAA /* AppDelegate.swift */ = {isa = PBXFileReference; lastKnownFileType = sourcecode.swift; path = AppDelegate.swift; sourceTree = "<group>"; };
		714B87EF2415E18D0035EDAA /* SceneDelegate.swift */ = {isa = PBXFileReference; lastKnownFileType = sourcecode.swift; path = SceneDelegate.swift; sourceTree = "<group>"; };
		714B87F12415E18D0035EDAA /* AlarmController.swift */ = {isa = PBXFileReference; lastKnownFileType = sourcecode.swift; path = AlarmController.swift; sourceTree = "<group>"; };
		714B87F42415E18D0035EDAA /* Base */ = {isa = PBXFileReference; lastKnownFileType = file.storyboard; name = Base; path = Base.lproj/Main.storyboard; sourceTree = "<group>"; };
		714B87F62415E18F0035EDAA /* Assets.xcassets */ = {isa = PBXFileReference; lastKnownFileType = folder.assetcatalog; path = Assets.xcassets; sourceTree = "<group>"; };
		714B87F92415E18F0035EDAA /* Base */ = {isa = PBXFileReference; lastKnownFileType = file.storyboard; name = Base; path = Base.lproj/LaunchScreen.storyboard; sourceTree = "<group>"; };
		714B87FB2415E18F0035EDAA /* Info.plist */ = {isa = PBXFileReference; lastKnownFileType = text.plist.xml; path = Info.plist; sourceTree = "<group>"; };
		714B88062415E71D0035EDAA /* World Clock.storyboard */ = {isa = PBXFileReference; lastKnownFileType = file.storyboard; path = "World Clock.storyboard"; sourceTree = "<group>"; };
		714B88082415E72D0035EDAA /* Alarm.storyboard */ = {isa = PBXFileReference; lastKnownFileType = file.storyboard; path = Alarm.storyboard; sourceTree = "<group>"; };
		714B880A2415E73C0035EDAA /* Stopwatch.storyboard */ = {isa = PBXFileReference; lastKnownFileType = file.storyboard; path = Stopwatch.storyboard; sourceTree = "<group>"; };
		714B880C2415E7450035EDAA /* Timer.storyboard */ = {isa = PBXFileReference; lastKnownFileType = file.storyboard; path = Timer.storyboard; sourceTree = "<group>"; };
		719D75AB2415EAE10054C99E /* Bedtime.storyboard */ = {isa = PBXFileReference; lastKnownFileType = file.storyboard; path = Bedtime.storyboard; sourceTree = "<group>"; };
		719D75AE241609A20054C99E /* TableViewCell.swift */ = {isa = PBXFileReference; lastKnownFileType = sourcecode.swift; path = TableViewCell.swift; sourceTree = "<group>"; };
		719D75AF241609A20054C99E /* TableViewCell.xib */ = {isa = PBXFileReference; lastKnownFileType = file.xib; path = TableViewCell.xib; sourceTree = "<group>"; };
/* End PBXFileReference section */

/* Begin PBXFrameworksBuildPhase section */
		714B87E72415E18D0035EDAA /* Frameworks */ = {
			isa = PBXFrameworksBuildPhase;
			buildActionMask = 2147483647;
			files = (
			);
			runOnlyForDeploymentPostprocessing = 0;
		};
/* End PBXFrameworksBuildPhase section */

/* Begin PBXGroup section */
		712515F824178869003C5365 /* Alarm */ = {
			isa = PBXGroup;
			children = (
				714B88082415E72D0035EDAA /* Alarm.storyboard */,
				712515F924178882003C5365 /* AddAlarm.storyboard */,
			);
			path = Alarm;
			sourceTree = "<group>";
		};
		714B87E12415E18D0035EDAA = {
			isa = PBXGroup;
			children = (
				714B87EC2415E18D0035EDAA /* Alarm Demo */,
				714B87EB2415E18D0035EDAA /* Products */,
			);
			sourceTree = "<group>";
		};
		714B87EB2415E18D0035EDAA /* Products */ = {
			isa = PBXGroup;
			children = (
				714B87EA2415E18D0035EDAA /* Alarm Demo.app */,
			);
			name = Products;
			sourceTree = "<group>";
		};
		714B87EC2415E18D0035EDAA /* Alarm Demo */ = {
			isa = PBXGroup;
			children = (
				714B88052415E5460035EDAA /* Model */,
				714B88042415E53D0035EDAA /* Controller */,
				714B88032415E5010035EDAA /* Fundmental */,
				714B88012415E3FF0035EDAA /* View */,
				714B87F62415E18F0035EDAA /* Assets.xcassets */,
				714B88022415E4090035EDAA /* Support Files */,
			);
			path = "Alarm Demo";
			sourceTree = "<group>";
		};
		714B88012415E3FF0035EDAA /* View */ = {
			isa = PBXGroup;
			children = (
				714B87F32415E18D0035EDAA /* Main.storyboard */,
				714B88062415E71D0035EDAA /* World Clock.storyboard */,
				712515F824178869003C5365 /* Alarm */,
				714B880A2415E73C0035EDAA /* Stopwatch.storyboard */,
				719D75AB2415EAE10054C99E /* Bedtime.storyboard */,
				714B880C2415E7450035EDAA /* Timer.storyboard */,
				719D75AD241606470054C99E /* Alarm tableView Cell */,
			);
			path = View;
			sourceTree = "<group>";
		};
		714B88022415E4090035EDAA /* Support Files */ = {
			isa = PBXGroup;
			children = (
				714B87F82415E18F0035EDAA /* LaunchScreen.storyboard */,
				714B87FB2415E18F0035EDAA /* Info.plist */,
			);
			path = "Support Files";
			sourceTree = "<group>";
		};
		714B88032415E5010035EDAA /* Fundmental */ = {
			isa = PBXGroup;
			children = (
				714B87ED2415E18D0035EDAA /* AppDelegate.swift */,
				714B87EF2415E18D0035EDAA /* SceneDelegate.swift */,
			);
			path = Fundmental;
			sourceTree = "<group>";
		};
		714B88042415E53D0035EDAA /* Controller */ = {
			isa = PBXGroup;
			children = (
				714B87F12415E18D0035EDAA /* AlarmController.swift */,
				712515FD24187F0A003C5365 /* TableViewInsideContainerViewTableViewController.swift */,
				7116C58024173529003738F9 /* AddAlarmController.swift */,
			);
			path = Controller;
			sourceTree = "<group>";
		};
		714B88052415E5460035EDAA /* Model */ = {
			isa = PBXGroup;
			children = (
				712515F6241780D6003C5365 /* TimePickerManager.swift */,
			);
			path = Model;
			sourceTree = "<group>";
		};
		719D75AD241606470054C99E /* Alarm tableView Cell */ = {
			isa = PBXGroup;
			children = (
				719D75AE241609A20054C99E /* TableViewCell.swift */,
				719D75AF241609A20054C99E /* TableViewCell.xib */,
			);
			path = "Alarm tableView Cell";
			sourceTree = "<group>";
		};
/* End PBXGroup section */

/* Begin PBXNativeTarget section */
		714B87E92415E18D0035EDAA /* Alarm Demo */ = {
			isa = PBXNativeTarget;
			buildConfigurationList = 714B87FE2415E18F0035EDAA /* Build configuration list for PBXNativeTarget "Alarm Demo" */;
			buildPhases = (
				714B87E62415E18D0035EDAA /* Sources */,
				714B87E72415E18D0035EDAA /* Frameworks */,
				714B87E82415E18D0035EDAA /* Resources */,
			);
			buildRules = (
			);
			dependencies = (
			);
			name = "Alarm Demo";
			productName = "Alarm Demo";
			productReference = 714B87EA2415E18D0035EDAA /* Alarm Demo.app */;
			productType = "com.apple.product-type.application";
		};
/* End PBXNativeTarget section */

/* Begin PBXProject section */
		714B87E22415E18D0035EDAA /* Project object */ = {
			isa = PBXProject;
			attributes = {
				LastSwiftUpdateCheck = 1100;
				LastUpgradeCheck = 1100;
				ORGANIZATIONNAME = "Joey Liu";
				TargetAttributes = {
					714B87E92415E18D0035EDAA = {
						CreatedOnToolsVersion = 11.0;
					};
				};
			};
			buildConfigurationList = 714B87E52415E18D0035EDAA /* Build configuration list for PBXProject "Alarm Demo" */;
			compatibilityVersion = "Xcode 9.3";
			developmentRegion = en;
			hasScannedForEncodings = 0;
			knownRegions = (
				en,
				Base,
			);
			mainGroup = 714B87E12415E18D0035EDAA;
			productRefGroup = 714B87EB2415E18D0035EDAA /* Products */;
			projectDirPath = "";
			projectRoot = "";
			targets = (
				714B87E92415E18D0035EDAA /* Alarm Demo */,
			);
		};
/* End PBXProject section */

/* Begin PBXResourcesBuildPhase section */
		714B87E82415E18D0035EDAA /* Resources */ = {
			isa = PBXResourcesBuildPhase;
			buildActionMask = 2147483647;
			files = (
				714B87FA2415E18F0035EDAA /* LaunchScreen.storyboard in Resources */,
				714B88072415E71D0035EDAA /* World Clock.storyboard in Resources */,
				712515FA24178882003C5365 /* AddAlarm.storyboard in Resources */,
				714B87F72415E18F0035EDAA /* Assets.xcassets in Resources */,
				719D75AC2415EAE10054C99E /* Bedtime.storyboard in Resources */,
				719D75B1241609A20054C99E /* TableViewCell.xib in Resources */,
				714B88092415E72D0035EDAA /* Alarm.storyboard in Resources */,
				714B880B2415E73C0035EDAA /* Stopwatch.storyboard in Resources */,
				714B880D2415E7450035EDAA /* Timer.storyboard in Resources */,
				714B87F52415E18D0035EDAA /* Main.storyboard in Resources */,
			);
			runOnlyForDeploymentPostprocessing = 0;
		};
/* End PBXResourcesBuildPhase section */

/* Begin PBXSourcesBuildPhase section */
		714B87E62415E18D0035EDAA /* Sources */ = {
			isa = PBXSourcesBuildPhase;
			buildActionMask = 2147483647;
			files = (
				712515FE24187F0A003C5365 /* TableViewInsideContainerViewTableViewController.swift in Sources */,
				712515F7241780D6003C5365 /* TimePickerManager.swift in Sources */,
				714B87F22415E18D0035EDAA /* AlarmController.swift in Sources */,
				719D75B0241609A20054C99E /* TableViewCell.swift in Sources */,
				714B87EE2415E18D0035EDAA /* AppDelegate.swift in Sources */,
				714B87F02415E18D0035EDAA /* SceneDelegate.swift in Sources */,
				7116C58124173529003738F9 /* AddAlarmController.swift in Sources */,
			);
			runOnlyForDeploymentPostprocessing = 0;
		};
/* End PBXSourcesBuildPhase section */

/* Begin PBXVariantGroup section */
		714B87F32415E18D0035EDAA /* Main.storyboard */ = {
			isa = PBXVariantGroup;
			children = (
				714B87F42415E18D0035EDAA /* Base */,
			);
			name = Main.storyboard;
			sourceTree = "<group>";
		};
		714B87F82415E18F0035EDAA /* LaunchScreen.storyboard */ = {
			isa = PBXVariantGroup;
			children = (
				714B87F92415E18F0035EDAA /* Base */,
			);
			name = LaunchScreen.storyboard;
			sourceTree = "<group>";
		};
/* End PBXVariantGroup section */

/* Begin XCBuildConfiguration section */
		714B87FC2415E18F0035EDAA /* Debug */ = {
			isa = XCBuildConfiguration;
			buildSettings = {
				ALWAYS_SEARCH_USER_PATHS = NO;
				CLANG_ANALYZER_NONNULL = YES;
				CLANG_ANALYZER_NUMBER_OBJECT_CONVERSION = YES_AGGRESSIVE;
				CLANG_CXX_LANGUAGE_STANDARD = "gnu++14";
				CLANG_CXX_LIBRARY = "libc++";
				CLANG_ENABLE_MODULES = YES;
				CLANG_ENABLE_OBJC_ARC = YES;
				CLANG_ENABLE_OBJC_WEAK = YES;
				CLANG_WARN_BLOCK_CAPTURE_AUTORELEASING = YES;
				CLANG_WARN_BOOL_CONVERSION = YES;
				CLANG_WARN_COMMA = YES;
				CLANG_WARN_CONSTANT_CONVERSION = YES;
				CLANG_WARN_DEPRECATED_OBJC_IMPLEMENTATIONS = YES;
				CLANG_WARN_DIRECT_OBJC_ISA_USAGE = YES_ERROR;
				CLANG_WARN_DOCUMENTATION_COMMENTS = YES;
				CLANG_WARN_EMPTY_BODY = YES;
				CLANG_WARN_ENUM_CONVERSION = YES;
				CLANG_WARN_INFINITE_RECURSION = YES;
				CLANG_WARN_INT_CONVERSION = YES;
				CLANG_WARN_NON_LITERAL_NULL_CONVERSION = YES;
				CLANG_WARN_OBJC_IMPLICIT_RETAIN_SELF = YES;
				CLANG_WARN_OBJC_LITERAL_CONVERSION = YES;
				CLANG_WARN_OBJC_ROOT_CLASS = YES_ERROR;
				CLANG_WARN_RANGE_LOOP_ANALYSIS = YES;
				CLANG_WARN_STRICT_PROTOTYPES = YES;
				CLANG_WARN_SUSPICIOUS_MOVE = YES;
				CLANG_WARN_UNGUARDED_AVAILABILITY = YES_AGGRESSIVE;
				CLANG_WARN_UNREACHABLE_CODE = YES;
				CLANG_WARN__DUPLICATE_METHOD_MATCH = YES;
				COPY_PHASE_STRIP = NO;
				DEBUG_INFORMATION_FORMAT = dwarf;
				ENABLE_STRICT_OBJC_MSGSEND = YES;
				ENABLE_TESTABILITY = YES;
				GCC_C_LANGUAGE_STANDARD = gnu11;
				GCC_DYNAMIC_NO_PIC = NO;
				GCC_NO_COMMON_BLOCKS = YES;
				GCC_OPTIMIZATION_LEVEL = 0;
				GCC_PREPROCESSOR_DEFINITIONS = (
					"DEBUG=1",
					"$(inherited)",
				);
				GCC_WARN_64_TO_32_BIT_CONVERSION = YES;
				GCC_WARN_ABOUT_RETURN_TYPE = YES_ERROR;
				GCC_WARN_UNDECLARED_SELECTOR = YES;
				GCC_WARN_UNINITIALIZED_AUTOS = YES_AGGRESSIVE;
				GCC_WARN_UNUSED_FUNCTION = YES;
				GCC_WARN_UNUSED_VARIABLE = YES;
				IPHONEOS_DEPLOYMENT_TARGET = 13.0;
				MTL_ENABLE_DEBUG_INFO = INCLUDE_SOURCE;
				MTL_FAST_MATH = YES;
				ONLY_ACTIVE_ARCH = YES;
				SDKROOT = iphoneos;
				SWIFT_ACTIVE_COMPILATION_CONDITIONS = DEBUG;
				SWIFT_OPTIMIZATION_LEVEL = "-Onone";
			};
			name = Debug;
		};
		714B87FD2415E18F0035EDAA /* Release */ = {
			isa = XCBuildConfiguration;
			buildSettings = {
				ALWAYS_SEARCH_USER_PATHS = NO;
				CLANG_ANALYZER_NONNULL = YES;
				CLANG_ANALYZER_NUMBER_OBJECT_CONVERSION = YES_AGGRESSIVE;
				CLANG_CXX_LANGUAGE_STANDARD = "gnu++14";
				CLANG_CXX_LIBRARY = "libc++";
				CLANG_ENABLE_MODULES = YES;
				CLANG_ENABLE_OBJC_ARC = YES;
				CLANG_ENABLE_OBJC_WEAK = YES;
				CLANG_WARN_BLOCK_CAPTURE_AUTORELEASING = YES;
				CLANG_WARN_BOOL_CONVERSION = YES;
				CLANG_WARN_COMMA = YES;
				CLANG_WARN_CONSTANT_CONVERSION = YES;
				CLANG_WARN_DEPRECATED_OBJC_IMPLEMENTATIONS = YES;
				CLANG_WARN_DIRECT_OBJC_ISA_USAGE = YES_ERROR;
				CLANG_WARN_DOCUMENTATION_COMMENTS = YES;
				CLANG_WARN_EMPTY_BODY = YES;
				CLANG_WARN_ENUM_CONVERSION = YES;
				CLANG_WARN_INFINITE_RECURSION = YES;
				CLANG_WARN_INT_CONVERSION = YES;
				CLANG_WARN_NON_LITERAL_NULL_CONVERSION = YES;
				CLANG_WARN_OBJC_IMPLICIT_RETAIN_SELF = YES;
				CLANG_WARN_OBJC_LITERAL_CONVERSION = YES;
				CLANG_WARN_OBJC_ROOT_CLASS = YES_ERROR;
				CLANG_WARN_RANGE_LOOP_ANALYSIS = YES;
				CLANG_WARN_STRICT_PROTOTYPES = YES;
				CLANG_WARN_SUSPICIOUS_MOVE = YES;
				CLANG_WARN_UNGUARDED_AVAILABILITY = YES_AGGRESSIVE;
				CLANG_WARN_UNREACHABLE_CODE = YES;
				CLANG_WARN__DUPLICATE_METHOD_MATCH = YES;
				COPY_PHASE_STRIP = NO;
				DEBUG_INFORMATION_FORMAT = "dwarf-with-dsym";
				ENABLE_NS_ASSERTIONS = NO;
				ENABLE_STRICT_OBJC_MSGSEND = YES;
				GCC_C_LANGUAGE_STANDARD = gnu11;
				GCC_NO_COMMON_BLOCKS = YES;
				GCC_WARN_64_TO_32_BIT_CONVERSION = YES;
				GCC_WARN_ABOUT_RETURN_TYPE = YES_ERROR;
				GCC_WARN_UNDECLARED_SELECTOR = YES;
				GCC_WARN_UNINITIALIZED_AUTOS = YES_AGGRESSIVE;
				GCC_WARN_UNUSED_FUNCTION = YES;
				GCC_WARN_UNUSED_VARIABLE = YES;
				IPHONEOS_DEPLOYMENT_TARGET = 13.0;
				MTL_ENABLE_DEBUG_INFO = NO;
				MTL_FAST_MATH = YES;
				SDKROOT = iphoneos;
				SWIFT_COMPILATION_MODE = wholemodule;
				SWIFT_OPTIMIZATION_LEVEL = "-O";
				VALIDATE_PRODUCT = YES;
			};
			name = Release;
		};
		714B87FF2415E18F0035EDAA /* Debug */ = {
			isa = XCBuildConfiguration;
			buildSettings = {
				ASSETCATALOG_COMPILER_APPICON_NAME = AppIcon;
				CODE_SIGN_STYLE = Automatic;
				INFOPLIST_FILE = "$(SRCROOT)/Alarm Demo/Support Files/Info.plist";
				IPHONEOS_DEPLOYMENT_TARGET = 13.0;
				LD_RUNPATH_SEARCH_PATHS = (
					"$(inherited)",
					"@executable_path/Frameworks",
				);
				PRODUCT_BUNDLE_IDENTIFIER = "com.JXLiu.Alarm-Demo";
				PRODUCT_NAME = "$(TARGET_NAME)";
				SWIFT_VERSION = 5.0;
				TARGETED_DEVICE_FAMILY = "1,2";
			};
			name = Debug;
		};
		714B88002415E18F0035EDAA /* Release */ = {
			isa = XCBuildConfiguration;
			buildSettings = {
				ASSETCATALOG_COMPILER_APPICON_NAME = AppIcon;
				CODE_SIGN_STYLE = Automatic;
				INFOPLIST_FILE = "$(SRCROOT)/Alarm Demo/Support Files/Info.plist";
				IPHONEOS_DEPLOYMENT_TARGET = 13.0;
				LD_RUNPATH_SEARCH_PATHS = (
					"$(inherited)",
					"@executable_path/Frameworks",
				);
				PRODUCT_BUNDLE_IDENTIFIER = "com.JXLiu.Alarm-Demo";
				PRODUCT_NAME = "$(TARGET_NAME)";
				SWIFT_VERSION = 5.0;
				TARGETED_DEVICE_FAMILY = "1,2";
			};
			name = Release;
		};
/* End XCBuildConfiguration section */

/* Begin XCConfigurationList section */
		714B87E52415E18D0035EDAA /* Build configuration list for PBXProject "Alarm Demo" */ = {
			isa = XCConfigurationList;
			buildConfigurations = (
				714B87FC2415E18F0035EDAA /* Debug */,
				714B87FD2415E18F0035EDAA /* Release */,
			);
			defaultConfigurationIsVisible = 0;
			defaultConfigurationName = Release;
		};
		714B87FE2415E18F0035EDAA /* Build configuration list for PBXNativeTarget "Alarm Demo" */ = {
			isa = XCConfigurationList;
			buildConfigurations = (
				714B87FF2415E18F0035EDAA /* Debug */,
				714B88002415E18F0035EDAA /* Release */,
			);
			defaultConfigurationIsVisible = 0;
			defaultConfigurationName = Release;
		};
/* End XCConfigurationList section */
	};
	rootObject = 714B87E22415E18D0035EDAA /* Project object */;
}
